
Microsoft Visual Studio Solution File, Format Version 12.00
# Visual Studio Version 17
VisualStudioVersion = 17.11.35222.181
MinimumVisualStudioVersion = 10.0.40219.1
Project("{FAE04EC0-301F-11D3-BF4B-00C04F79EFBC}") = "JWTAuthentication", "JWTAuthentication\JWTAuthentication.csproj", "{BFF6BD4E-88F4-49C9-81B3-ACA13B35014D}"
EndProject
Global
	GlobalSection(SolutionConfigurationPlatforms) = preSolution
		Debug|Any CPU = Debug|Any CPU
		Release|Any CPU = Release|Any CPU
	EndGlobalSection
	GlobalSection(ProjectConfigurationPlatforms) = postSolution
		{BFF6BD4E-88F4-49C9-81B3-ACA13B35014D}.Debug|Any CPU.ActiveCfg = Debug|Any CPU
		{BFF6BD4E-88F4-49C9-81B3-ACA13B35014D}.Debug|Any CPU.Build.0 = Debug|Any CPU
		{BFF6BD4E-88F4-49C9-81B3-ACA13B35014D}.Release|Any CPU.ActiveCfg = Release|Any CPU
		{BFF6BD4E-88F4-49C9-81B3-ACA13B35014D}.Release|Any CPU.Build.0 = Release|Any CPU
	EndGlobalSection
	GlobalSection(SolutionProperties) = preSolution
		HideSolutionNode = FALSE
	EndGlobalSection
	GlobalSection(ExtensibilityGlobals) = postSolution
		SolutionGuid = {4A50478E-FAFB-4716-8BCC-35E2681D4CE1}
	EndGlobalSection
EndGlobal
